
Microsoft Visual Studio Solution File, Format Version 12.00
# Visual Studio Version 17
VisualStudioVersion = 17.0.31903.59
MinimumVisualStudioVersion = 10.0.40219.1
Project("{FAE04EC0-301F-11D3-BF4B-00C04F79EFBC}") = "SmoothOperator", "SmoothOperator\SmoothOperator.csproj", "{5D29F2D2-F2E4-427E-952D-74DAB5667BCD}"
EndProject
Project("{FAE04EC0-301F-11D3-BF4B-00C04F79EFBC}") = "VariousOperators", "VariousOperators\VariousOperators.csproj", "{D802C1E3-5BD7-46AE-8A77-5E051674B7C5}"
EndProject
Project("{FAE04EC0-301F-11D3-BF4B-00C04F79EFBC}") = "Cilindro", "Cilindro\Cilindro.csproj", "{42F59F5B-13C2-4922-9E4D-23FF4C9418F5}"
EndProject
Project("{FAE04EC0-301F-11D3-BF4B-00C04F79EFBC}") = "ValoresEspeciais", "ValoresEspeciais\ValoresEspeciais.csproj", "{BEA02661-0319-4D83-A219-A534FCA003F0}"
EndProject
Global
	GlobalSection(SolutionConfigurationPlatforms) = preSolution
		Debug|Any CPU = Debug|Any CPU
		Release|Any CPU = Release|Any CPU
	EndGlobalSection
	GlobalSection(SolutionProperties) = preSolution
		HideSolutionNode = FALSE
	EndGlobalSection
	GlobalSection(ProjectConfigurationPlatforms) = postSolution
		{5D29F2D2-F2E4-427E-952D-74DAB5667BCD}.Debug|Any CPU.ActiveCfg = Debug|Any CPU
		{5D29F2D2-F2E4-427E-952D-74DAB5667BCD}.Debug|Any CPU.Build.0 = Debug|Any CPU
		{5D29F2D2-F2E4-427E-952D-74DAB5667BCD}.Release|Any CPU.ActiveCfg = Release|Any CPU
		{5D29F2D2-F2E4-427E-952D-74DAB5667BCD}.Release|Any CPU.Build.0 = Release|Any CPU
		{D802C1E3-5BD7-46AE-8A77-5E051674B7C5}.Debug|Any CPU.ActiveCfg = Debug|Any CPU
		{D802C1E3-5BD7-46AE-8A77-5E051674B7C5}.Debug|Any CPU.Build.0 = Debug|Any CPU
		{D802C1E3-5BD7-46AE-8A77-5E051674B7C5}.Release|Any CPU.ActiveCfg = Release|Any CPU
		{D802C1E3-5BD7-46AE-8A77-5E051674B7C5}.Release|Any CPU.Build.0 = Release|Any CPU
		{42F59F5B-13C2-4922-9E4D-23FF4C9418F5}.Debug|Any CPU.ActiveCfg = Debug|Any CPU
		{42F59F5B-13C2-4922-9E4D-23FF4C9418F5}.Debug|Any CPU.Build.0 = Debug|Any CPU
		{42F59F5B-13C2-4922-9E4D-23FF4C9418F5}.Release|Any CPU.ActiveCfg = Release|Any CPU
		{42F59F5B-13C2-4922-9E4D-23FF4C9418F5}.Release|Any CPU.Build.0 = Release|Any CPU
		{BEA02661-0319-4D83-A219-A534FCA003F0}.Debug|Any CPU.ActiveCfg = Debug|Any CPU
		{BEA02661-0319-4D83-A219-A534FCA003F0}.Debug|Any CPU.Build.0 = Debug|Any CPU
		{BEA02661-0319-4D83-A219-A534FCA003F0}.Release|Any CPU.ActiveCfg = Release|Any CPU
		{BEA02661-0319-4D83-A219-A534FCA003F0}.Release|Any CPU.Build.0 = Release|Any CPU
	EndGlobalSection
EndGlobal
